
Microsoft Visual Studio Solution File, Format Version 12.00
# Visual Studio Version 17
VisualStudioVersion = 17.0.31903.59
MinimumVisualStudioVersion = 10.0.40219.1
Project("{FAE04EC0-301F-11D3-BF4B-00C04F79EFBC}") = "PaymentContext.Domain", "PaymentContext.Domain\PaymentContext.Domain.csproj", "{A8310C9A-2B28-4EE5-92D5-0FCEEEE5D770}"
EndProject
Project("{FAE04EC0-301F-11D3-BF4B-00C04F79EFBC}") = "PaymentContext.Tests", "PaymentContext.Tests\PaymentContext.Tests.csproj", "{CBFFDDF5-07FB-437D-A4CD-F3BD2781CCCE}"
EndProject
Project("{FAE04EC0-301F-11D3-BF4B-00C04F79EFBC}") = "PaymentContext.Shared", "PaymentContext.Shared\PaymentContext.Shared.csproj", "{790BEDA2-74A5-4CE2-A09B-6F8B9160FC12}"
EndProject
Global
	GlobalSection(SolutionConfigurationPlatforms) = preSolution
		Debug|Any CPU = Debug|Any CPU
		Release|Any CPU = Release|Any CPU
	EndGlobalSection
	GlobalSection(SolutionProperties) = preSolution
		HideSolutionNode = FALSE
	EndGlobalSection
	GlobalSection(ProjectConfigurationPlatforms) = postSolution
		{A8310C9A-2B28-4EE5-92D5-0FCEEEE5D770}.Debug|Any CPU.ActiveCfg = Debug|Any CPU
		{A8310C9A-2B28-4EE5-92D5-0FCEEEE5D770}.Debug|Any CPU.Build.0 = Debug|Any CPU
		{A8310C9A-2B28-4EE5-92D5-0FCEEEE5D770}.Release|Any CPU.ActiveCfg = Release|Any CPU
		{A8310C9A-2B28-4EE5-92D5-0FCEEEE5D770}.Release|Any CPU.Build.0 = Release|Any CPU
		{CBFFDDF5-07FB-437D-A4CD-F3BD2781CCCE}.Debug|Any CPU.ActiveCfg = Debug|Any CPU
		{CBFFDDF5-07FB-437D-A4CD-F3BD2781CCCE}.Debug|Any CPU.Build.0 = Debug|Any CPU
		{CBFFDDF5-07FB-437D-A4CD-F3BD2781CCCE}.Release|Any CPU.ActiveCfg = Release|Any CPU
		{CBFFDDF5-07FB-437D-A4CD-F3BD2781CCCE}.Release|Any CPU.Build.0 = Release|Any CPU
		{790BEDA2-74A5-4CE2-A09B-6F8B9160FC12}.Debug|Any CPU.ActiveCfg = Debug|Any CPU
		{790BEDA2-74A5-4CE2-A09B-6F8B9160FC12}.Debug|Any CPU.Build.0 = Debug|Any CPU
		{790BEDA2-74A5-4CE2-A09B-6F8B9160FC12}.Release|Any CPU.ActiveCfg = Release|Any CPU
		{790BEDA2-74A5-4CE2-A09B-6F8B9160FC12}.Release|Any CPU.Build.0 = Release|Any CPU
	EndGlobalSection
EndGlobal
