
Microsoft Visual Studio Solution File, Format Version 12.00
# Visual Studio Version 17
VisualStudioVersion = 17.9.34616.47
MinimumVisualStudioVersion = 10.0.40219.1
Project("{9A19103F-16F7-4668-BE54-9A1E7A4F7556}") = "CSharpLearn", "CSharpLearn\CSharpLearn.csproj", "{5164141E-E106-4A8E-9F57-477A0CE7A90F}"
EndProject
Project("{9A19103F-16F7-4668-BE54-9A1E7A4F7556}") = "Calculadora", "Calculadora\Calculadora.csproj", "{DC16AA8E-8366-46ED-B1CA-83C79B447DF1}"
EndProject
Project("{9A19103F-16F7-4668-BE54-9A1E7A4F7556}") = "Cronometro", "Cronometro\Cronometro.csproj", "{5D60153A-5B2A-40FF-8BE9-18603DF87831}"
EndProject
Project("{9A19103F-16F7-4668-BE54-9A1E7A4F7556}") = "EditorDeTexto", "EditorDeTexto\EditorDeTexto.csproj", "{DC46B0D2-CB08-4D40-ADE7-42579EC3B52C}"
EndProject
Project("{9A19103F-16F7-4668-BE54-9A1E7A4F7556}") = "EditorHtml", "EditorHtml\EditorHtml.csproj", "{B3ED0D43-39C1-4E8C-8F2B-7145C989F45D}"
EndProject
Project("{9A19103F-16F7-4668-BE54-9A1E7A4F7556}") = "DataAccess", "DataAccess\DataAccess.csproj", "{DE3A66BA-2C3D-4A2A-9F0B-41A0164E22F7}"
EndProject
Project("{9A19103F-16F7-4668-BE54-9A1E7A4F7556}") = "DapperAccess", "DapperAccess\DapperAccess.csproj", "{C7931E62-F0DA-4818-9DE2-E34EE7F4CEE9}"
EndProject
Project("{9A19103F-16F7-4668-BE54-9A1E7A4F7556}") = "Blog", "Modulo 4\Blog.csproj", "{AD59307D-B546-436D-B29D-8F994C9ED52D}"
EndProject
Project("{9A19103F-16F7-4668-BE54-9A1E7A4F7556}") = "DesafioGPT", "DesafioGPT\DesafioGPT.csproj", "{58181AF4-7956-4F14-83A3-933DA1F11DD7}"
EndProject
Project("{9A19103F-16F7-4668-BE54-9A1E7A4F7556}") = "EFProject", "EFProject\EFProject.csproj", "{B05DD3DF-FFA3-48E6-8F8A-C2C83BAAD6CE}"
EndProject
Project("{9A19103F-16F7-4668-BE54-9A1E7A4F7556}") = "EFProject2", "EFProject2\EFProject2.csproj", "{81B763B5-00D1-49EB-9414-E326341CA55A}"
EndProject
Project("{9A19103F-16F7-4668-BE54-9A1E7A4F7556}") = "WebApiwow", "WebApiwow\WebApiwow.csproj", "{F2C6B117-19BB-4421-8DFB-EEA1B11995CD}"
EndProject
Project("{9A19103F-16F7-4668-BE54-9A1E7A4F7556}") = "Todo", "Todo\Todo.csproj", "{2DC37619-F50E-4B97-9CB6-BF44E4EE7146}"
EndProject
Project("{FAE04EC0-301F-11D3-BF4B-00C04F79EFBC}") = "Teste", "Teste\Teste.csproj", "{290B92CA-10C9-4723-B3B5-32B26A24EDBE}"
EndProject
Global
	GlobalSection(SolutionConfigurationPlatforms) = preSolution
		Debug|Any CPU = Debug|Any CPU
		Release|Any CPU = Release|Any CPU
	EndGlobalSection
	GlobalSection(ProjectConfigurationPlatforms) = postSolution
		{5164141E-E106-4A8E-9F57-477A0CE7A90F}.Debug|Any CPU.ActiveCfg = Debug|Any CPU
		{5164141E-E106-4A8E-9F57-477A0CE7A90F}.Debug|Any CPU.Build.0 = Debug|Any CPU
		{5164141E-E106-4A8E-9F57-477A0CE7A90F}.Release|Any CPU.ActiveCfg = Release|Any CPU
		{5164141E-E106-4A8E-9F57-477A0CE7A90F}.Release|Any CPU.Build.0 = Release|Any CPU
		{DC16AA8E-8366-46ED-B1CA-83C79B447DF1}.Debug|Any CPU.ActiveCfg = Debug|Any CPU
		{DC16AA8E-8366-46ED-B1CA-83C79B447DF1}.Debug|Any CPU.Build.0 = Debug|Any CPU
		{DC16AA8E-8366-46ED-B1CA-83C79B447DF1}.Release|Any CPU.ActiveCfg = Release|Any CPU
		{DC16AA8E-8366-46ED-B1CA-83C79B447DF1}.Release|Any CPU.Build.0 = Release|Any CPU
		{5D60153A-5B2A-40FF-8BE9-18603DF87831}.Debug|Any CPU.ActiveCfg = Debug|Any CPU
		{5D60153A-5B2A-40FF-8BE9-18603DF87831}.Debug|Any CPU.Build.0 = Debug|Any CPU
		{5D60153A-5B2A-40FF-8BE9-18603DF87831}.Release|Any CPU.ActiveCfg = Release|Any CPU
		{5D60153A-5B2A-40FF-8BE9-18603DF87831}.Release|Any CPU.Build.0 = Release|Any CPU
		{DC46B0D2-CB08-4D40-ADE7-42579EC3B52C}.Debug|Any CPU.ActiveCfg = Debug|Any CPU
		{DC46B0D2-CB08-4D40-ADE7-42579EC3B52C}.Debug|Any CPU.Build.0 = Debug|Any CPU
		{DC46B0D2-CB08-4D40-ADE7-42579EC3B52C}.Release|Any CPU.ActiveCfg = Release|Any CPU
		{DC46B0D2-CB08-4D40-ADE7-42579EC3B52C}.Release|Any CPU.Build.0 = Release|Any CPU
		{B3ED0D43-39C1-4E8C-8F2B-7145C989F45D}.Debug|Any CPU.ActiveCfg = Debug|Any CPU
		{B3ED0D43-39C1-4E8C-8F2B-7145C989F45D}.Debug|Any CPU.Build.0 = Debug|Any CPU
		{B3ED0D43-39C1-4E8C-8F2B-7145C989F45D}.Release|Any CPU.ActiveCfg = Release|Any CPU
		{B3ED0D43-39C1-4E8C-8F2B-7145C989F45D}.Release|Any CPU.Build.0 = Release|Any CPU
		{DE3A66BA-2C3D-4A2A-9F0B-41A0164E22F7}.Debug|Any CPU.ActiveCfg = Debug|Any CPU
		{DE3A66BA-2C3D-4A2A-9F0B-41A0164E22F7}.Debug|Any CPU.Build.0 = Debug|Any CPU
		{DE3A66BA-2C3D-4A2A-9F0B-41A0164E22F7}.Release|Any CPU.ActiveCfg = Release|Any CPU
		{DE3A66BA-2C3D-4A2A-9F0B-41A0164E22F7}.Release|Any CPU.Build.0 = Release|Any CPU
		{C7931E62-F0DA-4818-9DE2-E34EE7F4CEE9}.Debug|Any CPU.ActiveCfg = Debug|Any CPU
		{C7931E62-F0DA-4818-9DE2-E34EE7F4CEE9}.Debug|Any CPU.Build.0 = Debug|Any CPU
		{C7931E62-F0DA-4818-9DE2-E34EE7F4CEE9}.Release|Any CPU.ActiveCfg = Release|Any CPU
		{C7931E62-F0DA-4818-9DE2-E34EE7F4CEE9}.Release|Any CPU.Build.0 = Release|Any CPU
		{AD59307D-B546-436D-B29D-8F994C9ED52D}.Debug|Any CPU.ActiveCfg = Debug|Any CPU
		{AD59307D-B546-436D-B29D-8F994C9ED52D}.Debug|Any CPU.Build.0 = Debug|Any CPU
		{AD59307D-B546-436D-B29D-8F994C9ED52D}.Release|Any CPU.ActiveCfg = Release|Any CPU
		{AD59307D-B546-436D-B29D-8F994C9ED52D}.Release|Any CPU.Build.0 = Release|Any CPU
		{58181AF4-7956-4F14-83A3-933DA1F11DD7}.Debug|Any CPU.ActiveCfg = Debug|Any CPU
		{58181AF4-7956-4F14-83A3-933DA1F11DD7}.Debug|Any CPU.Build.0 = Debug|Any CPU
		{58181AF4-7956-4F14-83A3-933DA1F11DD7}.Release|Any CPU.ActiveCfg = Release|Any CPU
		{58181AF4-7956-4F14-83A3-933DA1F11DD7}.Release|Any CPU.Build.0 = Release|Any CPU
		{B05DD3DF-FFA3-48E6-8F8A-C2C83BAAD6CE}.Debug|Any CPU.ActiveCfg = Debug|Any CPU
		{B05DD3DF-FFA3-48E6-8F8A-C2C83BAAD6CE}.Debug|Any CPU.Build.0 = Debug|Any CPU
		{B05DD3DF-FFA3-48E6-8F8A-C2C83BAAD6CE}.Release|Any CPU.ActiveCfg = Release|Any CPU
		{B05DD3DF-FFA3-48E6-8F8A-C2C83BAAD6CE}.Release|Any CPU.Build.0 = Release|Any CPU
		{81B763B5-00D1-49EB-9414-E326341CA55A}.Debug|Any CPU.ActiveCfg = Debug|Any CPU
		{81B763B5-00D1-49EB-9414-E326341CA55A}.Debug|Any CPU.Build.0 = Debug|Any CPU
		{81B763B5-00D1-49EB-9414-E326341CA55A}.Release|Any CPU.ActiveCfg = Release|Any CPU
		{81B763B5-00D1-49EB-9414-E326341CA55A}.Release|Any CPU.Build.0 = Release|Any CPU
		{F2C6B117-19BB-4421-8DFB-EEA1B11995CD}.Debug|Any CPU.ActiveCfg = Debug|Any CPU
		{F2C6B117-19BB-4421-8DFB-EEA1B11995CD}.Debug|Any CPU.Build.0 = Debug|Any CPU
		{F2C6B117-19BB-4421-8DFB-EEA1B11995CD}.Release|Any CPU.ActiveCfg = Release|Any CPU
		{F2C6B117-19BB-4421-8DFB-EEA1B11995CD}.Release|Any CPU.Build.0 = Release|Any CPU
		{2DC37619-F50E-4B97-9CB6-BF44E4EE7146}.Debug|Any CPU.ActiveCfg = Debug|Any CPU
		{2DC37619-F50E-4B97-9CB6-BF44E4EE7146}.Debug|Any CPU.Build.0 = Debug|Any CPU
		{2DC37619-F50E-4B97-9CB6-BF44E4EE7146}.Release|Any CPU.ActiveCfg = Release|Any CPU
		{2DC37619-F50E-4B97-9CB6-BF44E4EE7146}.Release|Any CPU.Build.0 = Release|Any CPU
		{290B92CA-10C9-4723-B3B5-32B26A24EDBE}.Debug|Any CPU.ActiveCfg = Debug|Any CPU
		{290B92CA-10C9-4723-B3B5-32B26A24EDBE}.Debug|Any CPU.Build.0 = Debug|Any CPU
		{290B92CA-10C9-4723-B3B5-32B26A24EDBE}.Release|Any CPU.ActiveCfg = Release|Any CPU
		{290B92CA-10C9-4723-B3B5-32B26A24EDBE}.Release|Any CPU.Build.0 = Release|Any CPU
	EndGlobalSection
	GlobalSection(SolutionProperties) = preSolution
		HideSolutionNode = FALSE
	EndGlobalSection
	GlobalSection(ExtensibilityGlobals) = postSolution
		SolutionGuid = {A93843C5-DAAC-450D-BE46-3A38C31462CE}
	EndGlobalSection
EndGlobal
